// !$*UTF8*$!
{
	archiveVersion = 1;
	classes = {
	};
	objectVersion = 50;
	objects = {

/* Begin PBXBuildFile section */
		3D8FD263256E451300C47260 /* AppDelegate.swift in Sources */ = {isa = PBXBuildFile; fileRef = 3D8FD262256E451300C47260 /* AppDelegate.swift */; };
		3D8FD265256E451300C47260 /* SceneDelegate.swift in Sources */ = {isa = PBXBuildFile; fileRef = 3D8FD264256E451300C47260 /* SceneDelegate.swift */; };
		3D8FD267256E451300C47260 /* ViewController.swift in Sources */ = {isa = PBXBuildFile; fileRef = 3D8FD266256E451300C47260 /* ViewController.swift */; };
		3D8FD26A256E451300C47260 /* Main.storyboard in Resources */ = {isa = PBXBuildFile; fileRef = 3D8FD268256E451300C47260 /* Main.storyboard */; };
		3D8FD26C256E451500C47260 /* Assets.xcassets in Resources */ = {isa = PBXBuildFile; fileRef = 3D8FD26B256E451500C47260 /* Assets.xcassets */; };
		3D8FD26F256E451500C47260 /* LaunchScreen.storyboard in Resources */ = {isa = PBXBuildFile; fileRef = 3D8FD26D256E451500C47260 /* LaunchScreen.storyboard */; };
		3D8FD27A256E451500C47260 /* ShoppingAITests.swift in Sources */ = {isa = PBXBuildFile; fileRef = 3D8FD279256E451500C47260 /* ShoppingAITests.swift */; };
		3D8FD285256E451500C47260 /* ShoppingAIUITests.swift in Sources */ = {isa = PBXBuildFile; fileRef = 3D8FD284256E451500C47260 /* ShoppingAIUITests.swift */; };
		3D8FD296256EECC600C47260 /* LoginVC.swift in Sources */ = {isa = PBXBuildFile; fileRef = 3D8FD295256EECC500C47260 /* LoginVC.swift */; };
		3D8FD29B256EEEFD00C47260 /* SexVC.swift in Sources */ = {isa = PBXBuildFile; fileRef = 3D8FD29A256EEEFD00C47260 /* SexVC.swift */; };
		3D8FD2A0256EF27100C47260 /* AgeVC.swift in Sources */ = {isa = PBXBuildFile; fileRef = 3D8FD29F256EF27100C47260 /* AgeVC.swift */; };
		3D8FD2A5256EF35600C47260 /* StyleVC.swift in Sources */ = {isa = PBXBuildFile; fileRef = 3D8FD2A4256EF35600C47260 /* StyleVC.swift */; };
		3D8FD2AB256EF62C00C47260 /* Upload1VC.swift in Sources */ = {isa = PBXBuildFile; fileRef = 3D8FD2AA256EF62C00C47260 /* Upload1VC.swift */; };
		3D8FD2B3256EFA2900C47260 /* CategoryVC.swift in Sources */ = {isa = PBXBuildFile; fileRef = 3D8FD2B2256EFA2900C47260 /* CategoryVC.swift */; };
/* End PBXBuildFile section */

/* Begin PBXContainerItemProxy section */
		3D8FD276256E451500C47260 /* PBXContainerItemProxy */ = {
			isa = PBXContainerItemProxy;
			containerPortal = 3D8FD257256E451300C47260 /* Project object */;
			proxyType = 1;
			remoteGlobalIDString = 3D8FD25E256E451300C47260;
			remoteInfo = ShoppingAI;
		};
		3D8FD281256E451500C47260 /* PBXContainerItemProxy */ = {
			isa = PBXContainerItemProxy;
			containerPortal = 3D8FD257256E451300C47260 /* Project object */;
			proxyType = 1;
			remoteGlobalIDString = 3D8FD25E256E451300C47260;
			remoteInfo = ShoppingAI;
		};
/* End PBXContainerItemProxy section */

/* Begin PBXFileReference section */
		3D8FD25F256E451300C47260 /* ShoppingAI.app */ = {isa = PBXFileReference; explicitFileType = wrapper.application; includeInIndex = 0; path = ShoppingAI.app; sourceTree = BUILT_PRODUCTS_DIR; };
		3D8FD262256E451300C47260 /* AppDelegate.swift */ = {isa = PBXFileReference; lastKnownFileType = sourcecode.swift; path = AppDelegate.swift; sourceTree = "<group>"; };
		3D8FD264256E451300C47260 /* SceneDelegate.swift */ = {isa = PBXFileReference; lastKnownFileType = sourcecode.swift; path = SceneDelegate.swift; sourceTree = "<group>"; };
		3D8FD266256E451300C47260 /* ViewController.swift */ = {isa = PBXFileReference; lastKnownFileType = sourcecode.swift; path = ViewController.swift; sourceTree = "<group>"; };
		3D8FD269256E451300C47260 /* Base */ = {isa = PBXFileReference; lastKnownFileType = file.storyboard; name = Base; path = Base.lproj/Main.storyboard; sourceTree = "<group>"; };
		3D8FD26B256E451500C47260 /* Assets.xcassets */ = {isa = PBXFileReference; lastKnownFileType = folder.assetcatalog; path = Assets.xcassets; sourceTree = "<group>"; };
		3D8FD26E256E451500C47260 /* Base */ = {isa = PBXFileReference; lastKnownFileType = file.storyboard; name = Base; path = Base.lproj/LaunchScreen.storyboard; sourceTree = "<group>"; };
		3D8FD270256E451500C47260 /* Info.plist */ = {isa = PBXFileReference; lastKnownFileType = text.plist.xml; path = Info.plist; sourceTree = "<group>"; };
		3D8FD275256E451500C47260 /* ShoppingAITests.xctest */ = {isa = PBXFileReference; explicitFileType = wrapper.cfbundle; includeInIndex = 0; path = ShoppingAITests.xctest; sourceTree = BUILT_PRODUCTS_DIR; };
		3D8FD279256E451500C47260 /* ShoppingAITests.swift */ = {isa = PBXFileReference; lastKnownFileType = sourcecode.swift; path = ShoppingAITests.swift; sourceTree = "<group>"; };
		3D8FD27B256E451500C47260 /* Info.plist */ = {isa = PBXFileReference; lastKnownFileType = text.plist.xml; path = Info.plist; sourceTree = "<group>"; };
		3D8FD280256E451500C47260 /* ShoppingAIUITests.xctest */ = {isa = PBXFileReference; explicitFileType = wrapper.cfbundle; includeInIndex = 0; path = ShoppingAIUITests.xctest; sourceTree = BUILT_PRODUCTS_DIR; };
		3D8FD284256E451500C47260 /* ShoppingAIUITests.swift */ = {isa = PBXFileReference; lastKnownFileType = sourcecode.swift; path = ShoppingAIUITests.swift; sourceTree = "<group>"; };
		3D8FD286256E451500C47260 /* Info.plist */ = {isa = PBXFileReference; lastKnownFileType = text.plist.xml; path = Info.plist; sourceTree = "<group>"; };
		3D8FD295256EECC500C47260 /* LoginVC.swift */ = {isa = PBXFileReference; lastKnownFileType = sourcecode.swift; path = LoginVC.swift; sourceTree = "<group>"; };
		3D8FD29A256EEEFD00C47260 /* SexVC.swift */ = {isa = PBXFileReference; lastKnownFileType = sourcecode.swift; path = SexVC.swift; sourceTree = "<group>"; };
		3D8FD29F256EF27100C47260 /* AgeVC.swift */ = {isa = PBXFileReference; lastKnownFileType = sourcecode.swift; path = AgeVC.swift; sourceTree = "<group>"; };
		3D8FD2A4256EF35600C47260 /* StyleVC.swift */ = {isa = PBXFileReference; lastKnownFileType = sourcecode.swift; path = StyleVC.swift; sourceTree = "<group>"; };
		3D8FD2AA256EF62C00C47260 /* Upload1VC.swift */ = {isa = PBXFileReference; lastKnownFileType = sourcecode.swift; path = Upload1VC.swift; sourceTree = "<group>"; };
		3D8FD2B2256EFA2900C47260 /* CategoryVC.swift */ = {isa = PBXFileReference; lastKnownFileType = sourcecode.swift; path = CategoryVC.swift; sourceTree = "<group>"; };
/* End PBXFileReference section */

/* Begin PBXFrameworksBuildPhase section */
		3D8FD25C256E451300C47260 /* Frameworks */ = {
			isa = PBXFrameworksBuildPhase;
			buildActionMask = 2147483647;
			files = (
			);
			runOnlyForDeploymentPostprocessing = 0;
		};
		3D8FD272256E451500C47260 /* Frameworks */ = {
			isa = PBXFrameworksBuildPhase;
			buildActionMask = 2147483647;
			files = (
			);
			runOnlyForDeploymentPostprocessing = 0;
		};
		3D8FD27D256E451500C47260 /* Frameworks */ = {
			isa = PBXFrameworksBuildPhase;
			buildActionMask = 2147483647;
			files = (
			);
			runOnlyForDeploymentPostprocessing = 0;
		};
/* End PBXFrameworksBuildPhase section */

/* Begin PBXGroup section */
		3D8FD256256E451300C47260 = {
			isa = PBXGroup;
			children = (
				3D8FD261256E451300C47260 /* ShoppingAI */,
				3D8FD278256E451500C47260 /* ShoppingAITests */,
				3D8FD283256E451500C47260 /* ShoppingAIUITests */,
				3D8FD260256E451300C47260 /* Products */,
			);
			sourceTree = "<group>";
		};
		3D8FD260256E451300C47260 /* Products */ = {
			isa = PBXGroup;
			children = (
				3D8FD25F256E451300C47260 /* ShoppingAI.app */,
				3D8FD275256E451500C47260 /* ShoppingAITests.xctest */,
				3D8FD280256E451500C47260 /* ShoppingAIUITests.xctest */,
			);
			name = Products;
			sourceTree = "<group>";
		};
		3D8FD261256E451300C47260 /* ShoppingAI */ = {
			isa = PBXGroup;
			children = (
				3D8FD2A9256EF5EC00C47260 /* MainViewFolder */,
				3D8FD262256E451300C47260 /* AppDelegate.swift */,
				3D8FD264256E451300C47260 /* SceneDelegate.swift */,
				3D8FD266256E451300C47260 /* ViewController.swift */,
				3D8FD268256E451300C47260 /* Main.storyboard */,
				3D8FD2A4256EF35600C47260 /* StyleVC.swift */,
				3D8FD26B256E451500C47260 /* Assets.xcassets */,
				3D8FD26D256E451500C47260 /* LaunchScreen.storyboard */,
				3D8FD270256E451500C47260 /* Info.plist */,
				3D8FD295256EECC500C47260 /* LoginVC.swift */,
				3D8FD29A256EEEFD00C47260 /* SexVC.swift */,
				3D8FD29F256EF27100C47260 /* AgeVC.swift */,
			);
			path = ShoppingAI;
			sourceTree = "<group>";
		};
		3D8FD278256E451500C47260 /* ShoppingAITests */ = {
			isa = PBXGroup;
			children = (
				3D8FD279256E451500C47260 /* ShoppingAITests.swift */,
				3D8FD27B256E451500C47260 /* Info.plist */,
			);
			path = ShoppingAITests;
			sourceTree = "<group>";
		};
		3D8FD283256E451500C47260 /* ShoppingAIUITests */ = {
			isa = PBXGroup;
			children = (
				3D8FD284256E451500C47260 /* ShoppingAIUITests.swift */,
				3D8FD286256E451500C47260 /* Info.plist */,
			);
			path = ShoppingAIUITests;
			sourceTree = "<group>";
		};
		3D8FD2A9256EF5EC00C47260 /* MainViewFolder */ = {
			isa = PBXGroup;
			children = (
				3D8FD2AA256EF62C00C47260 /* Upload1VC.swift */,
				3D8FD2B2256EFA2900C47260 /* CategoryVC.swift */,
			);
			path = MainViewFolder;
			sourceTree = "<group>";
		};
/* End PBXGroup section */

/* Begin PBXNativeTarget section */
		3D8FD25E256E451300C47260 /* ShoppingAI */ = {
			isa = PBXNativeTarget;
			buildConfigurationList = 3D8FD289256E451500C47260 /* Build configuration list for PBXNativeTarget "ShoppingAI" */;
			buildPhases = (
				3D8FD25B256E451300C47260 /* Sources */,
				3D8FD25C256E451300C47260 /* Frameworks */,
				3D8FD25D256E451300C47260 /* Resources */,
			);
			buildRules = (
			);
			dependencies = (
			);
			name = ShoppingAI;
			productName = ShoppingAI;
			productReference = 3D8FD25F256E451300C47260 /* ShoppingAI.app */;
			productType = "com.apple.product-type.application";
		};
		3D8FD274256E451500C47260 /* ShoppingAITests */ = {
			isa = PBXNativeTarget;
			buildConfigurationList = 3D8FD28C256E451500C47260 /* Build configuration list for PBXNativeTarget "ShoppingAITests" */;
			buildPhases = (
				3D8FD271256E451500C47260 /* Sources */,
				3D8FD272256E451500C47260 /* Frameworks */,
				3D8FD273256E451500C47260 /* Resources */,
			);
			buildRules = (
			);
			dependencies = (
				3D8FD277256E451500C47260 /* PBXTargetDependency */,
			);
			name = ShoppingAITests;
			productName = ShoppingAITests;
			productReference = 3D8FD275256E451500C47260 /* ShoppingAITests.xctest */;
			productType = "com.apple.product-type.bundle.unit-test";
		};
		3D8FD27F256E451500C47260 /* ShoppingAIUITests */ = {
			isa = PBXNativeTarget;
			buildConfigurationList = 3D8FD28F256E451500C47260 /* Build configuration list for PBXNativeTarget "ShoppingAIUITests" */;
			buildPhases = (
				3D8FD27C256E451500C47260 /* Sources */,
				3D8FD27D256E451500C47260 /* Frameworks */,
				3D8FD27E256E451500C47260 /* Resources */,
			);
			buildRules = (
			);
			dependencies = (
				3D8FD282256E451500C47260 /* PBXTargetDependency */,
			);
			name = ShoppingAIUITests;
			productName = ShoppingAIUITests;
			productReference = 3D8FD280256E451500C47260 /* ShoppingAIUITests.xctest */;
			productType = "com.apple.product-type.bundle.ui-testing";
		};
/* End PBXNativeTarget section */

/* Begin PBXProject section */
		3D8FD257256E451300C47260 /* Project object */ = {
			isa = PBXProject;
			attributes = {
				LastSwiftUpdateCheck = 1220;
				LastUpgradeCheck = 1220;
				TargetAttributes = {
					3D8FD25E256E451300C47260 = {
						CreatedOnToolsVersion = 12.2;
					};
					3D8FD274256E451500C47260 = {
						CreatedOnToolsVersion = 12.2;
						TestTargetID = 3D8FD25E256E451300C47260;
					};
					3D8FD27F256E451500C47260 = {
						CreatedOnToolsVersion = 12.2;
						TestTargetID = 3D8FD25E256E451300C47260;
					};
				};
			};
			buildConfigurationList = 3D8FD25A256E451300C47260 /* Build configuration list for PBXProject "ShoppingAI" */;
			compatibilityVersion = "Xcode 9.3";
			developmentRegion = en;
			hasScannedForEncodings = 0;
			knownRegions = (
				en,
				Base,
			);
			mainGroup = 3D8FD256256E451300C47260;
			productRefGroup = 3D8FD260256E451300C47260 /* Products */;
			projectDirPath = "";
			projectRoot = "";
			targets = (
				3D8FD25E256E451300C47260 /* ShoppingAI */,
				3D8FD274256E451500C47260 /* ShoppingAITests */,
				3D8FD27F256E451500C47260 /* ShoppingAIUITests */,
			);
		};
/* End PBXProject section */

/* Begin PBXResourcesBuildPhase section */
		3D8FD25D256E451300C47260 /* Resources */ = {
			isa = PBXResourcesBuildPhase;
			buildActionMask = 2147483647;
			files = (
				3D8FD26F256E451500C47260 /* LaunchScreen.storyboard in Resources */,
				3D8FD26C256E451500C47260 /* Assets.xcassets in Resources */,
				3D8FD26A256E451300C47260 /* Main.storyboard in Resources */,
			);
			runOnlyForDeploymentPostprocessing = 0;
		};
		3D8FD273256E451500C47260 /* Resources */ = {
			isa = PBXResourcesBuildPhase;
			buildActionMask = 2147483647;
			files = (
			);
			runOnlyForDeploymentPostprocessing = 0;
		};
		3D8FD27E256E451500C47260 /* Resources */ = {
			isa = PBXResourcesBuildPhase;
			buildActionMask = 2147483647;
			files = (
			);
			runOnlyForDeploymentPostprocessing = 0;
		};
/* End PBXResourcesBuildPhase section */

/* Begin PBXSourcesBuildPhase section */
		3D8FD25B256E451300C47260 /* Sources */ = {
			isa = PBXSourcesBuildPhase;
			buildActionMask = 2147483647;
			files = (
				3D8FD267256E451300C47260 /* ViewController.swift in Sources */,
				3D8FD2AB256EF62C00C47260 /* Upload1VC.swift in Sources */,
				3D8FD2A5256EF35600C47260 /* StyleVC.swift in Sources */,
				3D8FD2B3256EFA2900C47260 /* CategoryVC.swift in Sources */,
				3D8FD263256E451300C47260 /* AppDelegate.swift in Sources */,
				3D8FD2A0256EF27100C47260 /* AgeVC.swift in Sources */,
				3D8FD296256EECC600C47260 /* LoginVC.swift in Sources */,
				3D8FD29B256EEEFD00C47260 /* SexVC.swift in Sources */,
				3D8FD265256E451300C47260 /* SceneDelegate.swift in Sources */,
			);
			runOnlyForDeploymentPostprocessing = 0;
		};
		3D8FD271256E451500C47260 /* Sources */ = {
			isa = PBXSourcesBuildPhase;
			buildActionMask = 2147483647;
			files = (
				3D8FD27A256E451500C47260 /* ShoppingAITests.swift in Sources */,
			);
			runOnlyForDeploymentPostprocessing = 0;
		};
		3D8FD27C256E451500C47260 /* Sources */ = {
			isa = PBXSourcesBuildPhase;
			buildActionMask = 2147483647;
			files = (
				3D8FD285256E451500C47260 /* ShoppingAIUITests.swift in Sources */,
			);
			runOnlyForDeploymentPostprocessing = 0;
		};
/* End PBXSourcesBuildPhase section */

/* Begin PBXTargetDependency section */
		3D8FD277256E451500C47260 /* PBXTargetDependency */ = {
			isa = PBXTargetDependency;
			target = 3D8FD25E256E451300C47260 /* ShoppingAI */;
			targetProxy = 3D8FD276256E451500C47260 /* PBXContainerItemProxy */;
		};
		3D8FD282256E451500C47260 /* PBXTargetDependency */ = {
			isa = PBXTargetDependency;
			target = 3D8FD25E256E451300C47260 /* ShoppingAI */;
			targetProxy = 3D8FD281256E451500C47260 /* PBXContainerItemProxy */;
		};
/* End PBXTargetDependency section */

/* Begin PBXVariantGroup section */
		3D8FD268256E451300C47260 /* Main.storyboard */ = {
			isa = PBXVariantGroup;
			children = (
				3D8FD269256E451300C47260 /* Base */,
			);
			name = Main.storyboard;
			sourceTree = "<group>";
		};
		3D8FD26D256E451500C47260 /* LaunchScreen.storyboard */ = {
			isa = PBXVariantGroup;
			children = (
				3D8FD26E256E451500C47260 /* Base */,
			);
			name = LaunchScreen.storyboard;
			sourceTree = "<group>";
		};
/* End PBXVariantGroup section */

/* Begin XCBuildConfiguration section */
		3D8FD287256E451500C47260 /* Debug */ = {
			isa = XCBuildConfiguration;
			buildSettings = {
				ALWAYS_SEARCH_USER_PATHS = NO;
				CLANG_ANALYZER_NONNULL = YES;
				CLANG_ANALYZER_NUMBER_OBJECT_CONVERSION = YES_AGGRESSIVE;
				CLANG_CXX_LANGUAGE_STANDARD = "gnu++14";
				CLANG_CXX_LIBRARY = "libc++";
				CLANG_ENABLE_MODULES = YES;
				CLANG_ENABLE_OBJC_ARC = YES;
				CLANG_ENABLE_OBJC_WEAK = YES;
				CLANG_WARN_BLOCK_CAPTURE_AUTORELEASING = YES;
				CLANG_WARN_BOOL_CONVERSION = YES;
				CLANG_WARN_COMMA = YES;
				CLANG_WARN_CONSTANT_CONVERSION = YES;
				CLANG_WARN_DEPRECATED_OBJC_IMPLEMENTATIONS = YES;
				CLANG_WARN_DIRECT_OBJC_ISA_USAGE = YES_ERROR;
				CLANG_WARN_DOCUMENTATION_COMMENTS = YES;
				CLANG_WARN_EMPTY_BODY = YES;
				CLANG_WARN_ENUM_CONVERSION = YES;
				CLANG_WARN_INFINITE_RECURSION = YES;
				CLANG_WARN_INT_CONVERSION = YES;
				CLANG_WARN_NON_LITERAL_NULL_CONVERSION = YES;
				CLANG_WARN_OBJC_IMPLICIT_RETAIN_SELF = YES;
				CLANG_WARN_OBJC_LITERAL_CONVERSION = YES;
				CLANG_WARN_OBJC_ROOT_CLASS = YES_ERROR;
				CLANG_WARN_QUOTED_INCLUDE_IN_FRAMEWORK_HEADER = YES;
				CLANG_WARN_RANGE_LOOP_ANALYSIS = YES;
				CLANG_WARN_STRICT_PROTOTYPES = YES;
				CLANG_WARN_SUSPICIOUS_MOVE = YES;
				CLANG_WARN_UNGUARDED_AVAILABILITY = YES_AGGRESSIVE;
				CLANG_WARN_UNREACHABLE_CODE = YES;
				CLANG_WARN__DUPLICATE_METHOD_MATCH = YES;
				COPY_PHASE_STRIP = NO;
				DEBUG_INFORMATION_FORMAT = dwarf;
				ENABLE_STRICT_OBJC_MSGSEND = YES;
				ENABLE_TESTABILITY = YES;
				GCC_C_LANGUAGE_STANDARD = gnu11;
				GCC_DYNAMIC_NO_PIC = NO;
				GCC_NO_COMMON_BLOCKS = YES;
				GCC_OPTIMIZATION_LEVEL = 0;
				GCC_PREPROCESSOR_DEFINITIONS = (
					"DEBUG=1",
					"$(inherited)",
				);
				GCC_WARN_64_TO_32_BIT_CONVERSION = YES;
				GCC_WARN_ABOUT_RETURN_TYPE = YES_ERROR;
				GCC_WARN_UNDECLARED_SELECTOR = YES;
				GCC_WARN_UNINITIALIZED_AUTOS = YES_AGGRESSIVE;
				GCC_WARN_UNUSED_FUNCTION = YES;
				GCC_WARN_UNUSED_VARIABLE = YES;
				IPHONEOS_DEPLOYMENT_TARGET = 14.2;
				MTL_ENABLE_DEBUG_INFO = INCLUDE_SOURCE;
				MTL_FAST_MATH = YES;
				ONLY_ACTIVE_ARCH = YES;
				SDKROOT = iphoneos;
				SWIFT_ACTIVE_COMPILATION_CONDITIONS = DEBUG;
				SWIFT_OPTIMIZATION_LEVEL = "-Onone";
			};
			name = Debug;
		};
		3D8FD288256E451500C47260 /* Release */ = {
			isa = XCBuildConfiguration;
			buildSettings = {
				ALWAYS_SEARCH_USER_PATHS = NO;
				CLANG_ANALYZER_NONNULL = YES;
				CLANG_ANALYZER_NUMBER_OBJECT_CONVERSION = YES_AGGRESSIVE;
				CLANG_CXX_LANGUAGE_STANDARD = "gnu++14";
				CLANG_CXX_LIBRARY = "libc++";
				CLANG_ENABLE_MODULES = YES;
				CLANG_ENABLE_OBJC_ARC = YES;
				CLANG_ENABLE_OBJC_WEAK = YES;
				CLANG_WARN_BLOCK_CAPTURE_AUTORELEASING = YES;
				CLANG_WARN_BOOL_CONVERSION = YES;
				CLANG_WARN_COMMA = YES;
				CLANG_WARN_CONSTANT_CONVERSION = YES;
				CLANG_WARN_DEPRECATED_OBJC_IMPLEMENTATIONS = YES;
				CLANG_WARN_DIRECT_OBJC_ISA_USAGE = YES_ERROR;
				CLANG_WARN_DOCUMENTATION_COMMENTS = YES;
				CLANG_WARN_EMPTY_BODY = YES;
				CLANG_WARN_ENUM_CONVERSION = YES;
				CLANG_WARN_INFINITE_RECURSION = YES;
				CLANG_WARN_INT_CONVERSION = YES;
				CLANG_WARN_NON_LITERAL_NULL_CONVERSION = YES;
				CLANG_WARN_OBJC_IMPLICIT_RETAIN_SELF = YES;
				CLANG_WARN_OBJC_LITERAL_CONVERSION = YES;
				CLANG_WARN_OBJC_ROOT_CLASS = YES_ERROR;
				CLANG_WARN_QUOTED_INCLUDE_IN_FRAMEWORK_HEADER = YES;
				CLANG_WARN_RANGE_LOOP_ANALYSIS = YES;
				CLANG_WARN_STRICT_PROTOTYPES = YES;
				CLANG_WARN_SUSPICIOUS_MOVE = YES;
				CLANG_WARN_UNGUARDED_AVAILABILITY = YES_AGGRESSIVE;
				CLANG_WARN_UNREACHABLE_CODE = YES;
				CLANG_WARN__DUPLICATE_METHOD_MATCH = YES;
				COPY_PHASE_STRIP = NO;
				DEBUG_INFORMATION_FORMAT = "dwarf-with-dsym";
				ENABLE_NS_ASSERTIONS = NO;
				ENABLE_STRICT_OBJC_MSGSEND = YES;
				GCC_C_LANGUAGE_STANDARD = gnu11;
				GCC_NO_COMMON_BLOCKS = YES;
				GCC_WARN_64_TO_32_BIT_CONVERSION = YES;
				GCC_WARN_ABOUT_RETURN_TYPE = YES_ERROR;
				GCC_WARN_UNDECLARED_SELECTOR = YES;
				GCC_WARN_UNINITIALIZED_AUTOS = YES_AGGRESSIVE;
				GCC_WARN_UNUSED_FUNCTION = YES;
				GCC_WARN_UNUSED_VARIABLE = YES;
				IPHONEOS_DEPLOYMENT_TARGET = 14.2;
				MTL_ENABLE_DEBUG_INFO = NO;
				MTL_FAST_MATH = YES;
				SDKROOT = iphoneos;
				SWIFT_COMPILATION_MODE = wholemodule;
				SWIFT_OPTIMIZATION_LEVEL = "-O";
				VALIDATE_PRODUCT = YES;
			};
			name = Release;
		};
		3D8FD28A256E451500C47260 /* Debug */ = {
			isa = XCBuildConfiguration;
			buildSettings = {
				ASSETCATALOG_COMPILER_APPICON_NAME = AppIcon;
				ASSETCATALOG_COMPILER_GLOBAL_ACCENT_COLOR_NAME = AccentColor;
				CODE_SIGN_STYLE = Automatic;
				INFOPLIST_FILE = ShoppingAI/Info.plist;
				LD_RUNPATH_SEARCH_PATHS = (
					"$(inherited)",
					"@executable_path/Frameworks",
				);
				PRODUCT_BUNDLE_IDENTIFIER = hufs.it.com.ShoppingAI;
				PRODUCT_NAME = "$(TARGET_NAME)";
				SWIFT_VERSION = 5.0;
				TARGETED_DEVICE_FAMILY = "1,2";
			};
			name = Debug;
		};
		3D8FD28B256E451500C47260 /* Release */ = {
			isa = XCBuildConfiguration;
			buildSettings = {
				ASSETCATALOG_COMPILER_APPICON_NAME = AppIcon;
				ASSETCATALOG_COMPILER_GLOBAL_ACCENT_COLOR_NAME = AccentColor;
				CODE_SIGN_STYLE = Automatic;
				INFOPLIST_FILE = ShoppingAI/Info.plist;
				LD_RUNPATH_SEARCH_PATHS = (
					"$(inherited)",
					"@executable_path/Frameworks",
				);
				PRODUCT_BUNDLE_IDENTIFIER = hufs.it.com.ShoppingAI;
				PRODUCT_NAME = "$(TARGET_NAME)";
				SWIFT_VERSION = 5.0;
				TARGETED_DEVICE_FAMILY = "1,2";
			};
			name = Release;
		};
		3D8FD28D256E451500C47260 /* Debug */ = {
			isa = XCBuildConfiguration;
			buildSettings = {
				ALWAYS_EMBED_SWIFT_STANDARD_LIBRARIES = YES;
				BUNDLE_LOADER = "$(TEST_HOST)";
				CODE_SIGN_STYLE = Automatic;
				INFOPLIST_FILE = ShoppingAITests/Info.plist;
				IPHONEOS_DEPLOYMENT_TARGET = 14.2;
				LD_RUNPATH_SEARCH_PATHS = (
					"$(inherited)",
					"@executable_path/Frameworks",
					"@loader_path/Frameworks",
				);
				PRODUCT_BUNDLE_IDENTIFIER = hufs.it.com.ShoppingAITests;
				PRODUCT_NAME = "$(TARGET_NAME)";
				SWIFT_VERSION = 5.0;
				TARGETED_DEVICE_FAMILY = "1,2";
				TEST_HOST = "$(BUILT_PRODUCTS_DIR)/ShoppingAI.app/ShoppingAI";
			};
			name = Debug;
		};
		3D8FD28E256E451500C47260 /* Release */ = {
			isa = XCBuildConfiguration;
			buildSettings = {
				ALWAYS_EMBED_SWIFT_STANDARD_LIBRARIES = YES;
				BUNDLE_LOADER = "$(TEST_HOST)";
				CODE_SIGN_STYLE = Automatic;
				INFOPLIST_FILE = ShoppingAITests/Info.plist;
				IPHONEOS_DEPLOYMENT_TARGET = 14.2;
				LD_RUNPATH_SEARCH_PATHS = (
					"$(inherited)",
					"@executable_path/Frameworks",
					"@loader_path/Frameworks",
				);
				PRODUCT_BUNDLE_IDENTIFIER = hufs.it.com.ShoppingAITests;
				PRODUCT_NAME = "$(TARGET_NAME)";
				SWIFT_VERSION = 5.0;
				TARGETED_DEVICE_FAMILY = "1,2";
				TEST_HOST = "$(BUILT_PRODUCTS_DIR)/ShoppingAI.app/ShoppingAI";
			};
			name = Release;
		};
		3D8FD290256E451500C47260 /* Debug */ = {
			isa = XCBuildConfiguration;
			buildSettings = {
				ALWAYS_EMBED_SWIFT_STANDARD_LIBRARIES = YES;
				CODE_SIGN_STYLE = Automatic;
				INFOPLIST_FILE = ShoppingAIUITests/Info.plist;
				LD_RUNPATH_SEARCH_PATHS = (
					"$(inherited)",
					"@executable_path/Frameworks",
					"@loader_path/Frameworks",
				);
				PRODUCT_BUNDLE_IDENTIFIER = hufs.it.com.ShoppingAIUITests;
				PRODUCT_NAME = "$(TARGET_NAME)";
				SWIFT_VERSION = 5.0;
				TARGETED_DEVICE_FAMILY = "1,2";
				TEST_TARGET_NAME = ShoppingAI;
			};
			name = Debug;
		};
		3D8FD291256E451500C47260 /* Release */ = {
			isa = XCBuildConfiguration;
			buildSettings = {
				ALWAYS_EMBED_SWIFT_STANDARD_LIBRARIES = YES;
				CODE_SIGN_STYLE = Automatic;
				INFOPLIST_FILE = ShoppingAIUITests/Info.plist;
				LD_RUNPATH_SEARCH_PATHS = (
					"$(inherited)",
					"@executable_path/Frameworks",
					"@loader_path/Frameworks",
				);
				PRODUCT_BUNDLE_IDENTIFIER = hufs.it.com.ShoppingAIUITests;
				PRODUCT_NAME = "$(TARGET_NAME)";
				SWIFT_VERSION = 5.0;
				TARGETED_DEVICE_FAMILY = "1,2";
				TEST_TARGET_NAME = ShoppingAI;
			};
			name = Release;
		};
/* End XCBuildConfiguration section */

/* Begin XCConfigurationList section */
		3D8FD25A256E451300C47260 /* Build configuration list for PBXProject "ShoppingAI" */ = {
			isa = XCConfigurationList;
			buildConfigurations = (
				3D8FD287256E451500C47260 /* Debug */,
				3D8FD288256E451500C47260 /* Release */,
			);
			defaultConfigurationIsVisible = 0;
			defaultConfigurationName = Release;
		};
		3D8FD289256E451500C47260 /* Build configuration list for PBXNativeTarget "ShoppingAI" */ = {
			isa = XCConfigurationList;
			buildConfigurations = (
				3D8FD28A256E451500C47260 /* Debug */,
				3D8FD28B256E451500C47260 /* Release */,
			);
			defaultConfigurationIsVisible = 0;
			defaultConfigurationName = Release;
		};
		3D8FD28C256E451500C47260 /* Build configuration list for PBXNativeTarget "ShoppingAITests" */ = {
			isa = XCConfigurationList;
			buildConfigurations = (
				3D8FD28D256E451500C47260 /* Debug */,
				3D8FD28E256E451500C47260 /* Release */,
			);
			defaultConfigurationIsVisible = 0;
			defaultConfigurationName = Release;
		};
		3D8FD28F256E451500C47260 /* Build configuration list for PBXNativeTarget "ShoppingAIUITests" */ = {
			isa = XCConfigurationList;
			buildConfigurations = (
				3D8FD290256E451500C47260 /* Debug */,
				3D8FD291256E451500C47260 /* Release */,
			);
			defaultConfigurationIsVisible = 0;
			defaultConfigurationName = Release;
		};
/* End XCConfigurationList section */
	};
	rootObject = 3D8FD257256E451300C47260 /* Project object */;
}
